PODS:
  - BlurryModalSegue (0.2.0):
    - UIImage+BlurredFrame (~> 0.0.2)
  - UIImage+BlurredFrame (0.0.2)

DEPENDENCIES:
  - BlurryModalSegue (from `.`)

EXTERNAL SOURCES:
  BlurryModalSegue:
    :path: .

SPEC CHECKSUMS:
  BlurryModalSegue: 546886aa2e1fc6fba86033bec6d320aa1db21e56
  UIImage+BlurredFrame: e35b3b542923b64e0ef1c5cfd2ef7971a9a0b2a3

COCOAPODS: 0.28.0
