// !$*UTF8*$!
{
	archiveVersion = 1;
	classes = {
	};
	objectVersion = 46;
	objects = {

/* Begin PBXBuildFile section */
		B8FB4916183E9A11007BD69A /* Foundation.framework in Frameworks */ = {isa = PBXBuildFile; fileRef = B8FB4915183E9A11007BD69A /* Foundation.framework */; };
		B8FB4918183E9A11007BD69A /* CoreGraphics.framework in Frameworks */ = {isa = PBXBuildFile; fileRef = B8FB4917183E9A11007BD69A /* CoreGraphics.framework */; };
		B8FB491A183E9A11007BD69A /* UIKit.framework in Frameworks */ = {isa = PBXBuildFile; fileRef = B8FB4919183E9A11007BD69A /* UIKit.framework */; };
		B8FB4920183E9A11007BD69A /* InfoPlist.strings in Resources */ = {isa = PBXBuildFile; fileRef = B8FB491E183E9A11007BD69A /* InfoPlist.strings */; };
		B8FB4922183E9A11007BD69A /* main.m in Sources */ = {isa = PBXBuildFile; fileRef = B8FB4921183E9A11007BD69A /* main.m */; };
		B8FB4926183E9A11007BD69A /* AppDelegate.m in Sources */ = {isa = PBXBuildFile; fileRef = B8FB4925183E9A11007BD69A /* AppDelegate.m */; };
		B8FB4929183E9A11007BD69A /* Main_iPhone.storyboard in Resources */ = {isa = PBXBuildFile; fileRef = B8FB4927183E9A11007BD69A /* Main_iPhone.storyboard */; };
		B8FB492C183E9A11007BD69A /* Main_iPad.storyboard in Resources */ = {isa = PBXBuildFile; fileRef = B8FB492A183E9A11007BD69A /* Main_iPad.storyboard */; };
		B8FB492F183E9A11007BD69A /* ViewController.m in Sources */ = {isa = PBXBuildFile; fileRef = B8FB492E183E9A11007BD69A /* ViewController.m */; };
		B8FB4931183E9A11007BD69A /* Images.xcassets in Resources */ = {isa = PBXBuildFile; fileRef = B8FB4930183E9A11007BD69A /* Images.xcassets */; };
		B8FB4938183E9A12007BD69A /* XCTest.framework in Frameworks */ = {isa = PBXBuildFile; fileRef = B8FB4937183E9A12007BD69A /* XCTest.framework */; };
		B8FB4939183E9A12007BD69A /* Foundation.framework in Frameworks */ = {isa = PBXBuildFile; fileRef = B8FB4915183E9A11007BD69A /* Foundation.framework */; };
		B8FB493A183E9A12007BD69A /* UIKit.framework in Frameworks */ = {isa = PBXBuildFile; fileRef = B8FB4919183E9A11007BD69A /* UIKit.framework */; };
		B8FB4942183E9A12007BD69A /* InfoPlist.strings in Resources */ = {isa = PBXBuildFile; fileRef = B8FB4940183E9A12007BD69A /* InfoPlist.strings */; };
		B8FB4944183E9A12007BD69A /* BlurryModalTests.m in Sources */ = {isa = PBXBuildFile; fileRef = B8FB4943183E9A12007BD69A /* BlurryModalTests.m */; };
/* End PBXBuildFile section */

/* Begin PBXContainerItemProxy section */
		B8FB493B183E9A12007BD69A /* PBXContainerItemProxy */ = {
			isa = PBXContainerItemProxy;
			containerPortal = B8FB490A183E9A11007BD69A /* Project object */;
			proxyType = 1;
			remoteGlobalIDString = B8FB4911183E9A11007BD69A;
			remoteInfo = BlurryModal;
		};
/* End PBXContainerItemProxy section */

/* Begin PBXFileReference section */
		B8FB4912183E9A11007BD69A /* BlurryModal.app */ = {isa = PBXFileReference; explicitFileType = wrapper.application; includeInIndex = 0; path = BlurryModal.app; sourceTree = BUILT_PRODUCTS_DIR; };
		B8FB4915183E9A11007BD69A /* Foundation.framework */ = {isa = PBXFileReference; lastKnownFileType = wrapper.framework; name = Foundation.framework; path = System/Library/Frameworks/Foundation.framework; sourceTree = SDKROOT; };
		B8FB4917183E9A11007BD69A /* CoreGraphics.framework */ = {isa = PBXFileReference; lastKnownFileType = wrapper.framework; name = CoreGraphics.framework; path = System/Library/Frameworks/CoreGraphics.framework; sourceTree = SDKROOT; };
		B8FB4919183E9A11007BD69A /* UIKit.framework */ = {isa = PBXFileReference; lastKnownFileType = wrapper.framework; name = UIKit.framework; path = System/Library/Frameworks/UIKit.framework; sourceTree = SDKROOT; };
		B8FB491D183E9A11007BD69A /* BlurryModal-Info.plist */ = {isa = PBXFileReference; lastKnownFileType = text.plist.xml; path = "BlurryModal-Info.plist"; sourceTree = "<group>"; };
		B8FB491F183E9A11007BD69A /* en */ = {isa = PBXFileReference; lastKnownFileType = text.plist.strings; name = en; path = en.lproj/InfoPlist.strings; sourceTree = "<group>"; };
		B8FB4921183E9A11007BD69A /* main.m */ = {isa = PBXFileReference; lastKnownFileType = sourcecode.c.objc; path = main.m; sourceTree = "<group>"; };
		B8FB4923183E9A11007BD69A /* BlurryModal-Prefix.pch */ = {isa = PBXFileReference; lastKnownFileType = sourcecode.c.h; path = "BlurryModal-Prefix.pch"; sourceTree = "<group>"; };
		B8FB4924183E9A11007BD69A /* AppDelegate.h */ = {isa = PBXFileReference; lastKnownFileType = sourcecode.c.h; path = AppDelegate.h; sourceTree = "<group>"; };
		B8FB4925183E9A11007BD69A /* AppDelegate.m */ = {isa = PBXFileReference; lastKnownFileType = sourcecode.c.objc; path = AppDelegate.m; sourceTree = "<group>"; };
		B8FB4928183E9A11007BD69A /* Base */ = {isa = PBXFileReference; lastKnownFileType = file.storyboard; name = Base; path = Base.lproj/Main_iPhone.storyboard; sourceTree = "<group>"; };
		B8FB492B183E9A11007BD69A /* Base */ = {isa = PBXFileReference; lastKnownFileType = file.storyboard; name = Base; path = Base.lproj/Main_iPad.storyboard; sourceTree = "<group>"; };
		B8FB492D183E9A11007BD69A /* ViewController.h */ = {isa = PBXFileReference; lastKnownFileType = sourcecode.c.h; path = ViewController.h; sourceTree = "<group>"; };
		B8FB492E183E9A11007BD69A /* ViewController.m */ = {isa = PBXFileReference; lastKnownFileType = sourcecode.c.objc; path = ViewController.m; sourceTree = "<group>"; };
		B8FB4930183E9A11007BD69A /* Images.xcassets */ = {isa = PBXFileReference; lastKnownFileType = folder.assetcatalog; path = Images.xcassets; sourceTree = "<group>"; };
		B8FB4936183E9A12007BD69A /* BlurryModalTests.xctest */ = {isa = PBXFileReference; explicitFileType = wrapper.cfbundle; includeInIndex = 0; path = BlurryModalTests.xctest; sourceTree = BUILT_PRODUCTS_DIR; };
		B8FB4937183E9A12007BD69A /* XCTest.framework */ = {isa = PBXFileReference; lastKnownFileType = wrapper.framework; name = XCTest.framework; path = Library/Frameworks/XCTest.framework; sourceTree = DEVELOPER_DIR; };
		B8FB493F183E9A12007BD69A /* BlurryModalTests-Info.plist */ = {isa = PBXFileReference; lastKnownFileType = text.plist.xml; path = "BlurryModalTests-Info.plist"; sourceTree = "<group>"; };
		B8FB4941183E9A12007BD69A /* en */ = {isa = PBXFileReference; lastKnownFileType = text.plist.strings; name = en; path = en.lproj/InfoPlist.strings; sourceTree = "<group>"; };
		B8FB4943183E9A12007BD69A /* BlurryModalTests.m */ = {isa = PBXFileReference; lastKnownFileType = sourcecode.c.objc; path = BlurryModalTests.m; sourceTree = "<group>"; };
/* End PBXFileReference section */

/* Begin PBXFrameworksBuildPhase section */
		B8FB490F183E9A11007BD69A /* Frameworks */ = {
			isa = PBXFrameworksBuildPhase;
			buildActionMask = 2147483647;
			files = (
				B8FB4918183E9A11007BD69A /* CoreGraphics.framework in Frameworks */,
				B8FB491A183E9A11007BD69A /* UIKit.framework in Frameworks */,
				B8FB4916183E9A11007BD69A /* Foundation.framework in Frameworks */,
			);
			runOnlyForDeploymentPostprocessing = 0;
		};
		B8FB4933183E9A12007BD69A /* Frameworks */ = {
			isa = PBXFrameworksBuildPhase;
			buildActionMask = 2147483647;
			files = (
				B8FB4938183E9A12007BD69A /* XCTest.framework in Frameworks */,
				B8FB493A183E9A12007BD69A /* UIKit.framework in Frameworks */,
				B8FB4939183E9A12007BD69A /* Foundation.framework in Frameworks */,
			);
			runOnlyForDeploymentPostprocessing = 0;
		};
/* End PBXFrameworksBuildPhase section */

/* Begin PBXGroup section */
		B8FB4909183E9A11007BD69A = {
			isa = PBXGroup;
			children = (
				B8FB491B183E9A11007BD69A /* BlurryModal */,
				B8FB493D183E9A12007BD69A /* BlurryModalTests */,
				B8FB4914183E9A11007BD69A /* Frameworks */,
				B8FB4913183E9A11007BD69A /* Products */,
			);
			sourceTree = "<group>";
		};
		B8FB4913183E9A11007BD69A /* Products */ = {
			isa = PBXGroup;
			children = (
				B8FB4912183E9A11007BD69A /* BlurryModal.app */,
				B8FB4936183E9A12007BD69A /* BlurryModalTests.xctest */,
			);
			name = Products;
			sourceTree = "<group>";
		};
		B8FB4914183E9A11007BD69A /* Frameworks */ = {
			isa = PBXGroup;
			children = (
				B8FB4915183E9A11007BD69A /* Foundation.framework */,
				B8FB4917183E9A11007BD69A /* CoreGraphics.framework */,
				B8FB4919183E9A11007BD69A /* UIKit.framework */,
				B8FB4937183E9A12007BD69A /* XCTest.framework */,
			);
			name = Frameworks;
			sourceTree = "<group>";
		};
		B8FB491B183E9A11007BD69A /* BlurryModal */ = {
			isa = PBXGroup;
			children = (
				B8FB4924183E9A11007BD69A /* AppDelegate.h */,
				B8FB4925183E9A11007BD69A /* AppDelegate.m */,
				B8FB4927183E9A11007BD69A /* Main_iPhone.storyboard */,
				B8FB492A183E9A11007BD69A /* Main_iPad.storyboard */,
				B8FB492D183E9A11007BD69A /* ViewController.h */,
				B8FB492E183E9A11007BD69A /* ViewController.m */,
				B8FB4930183E9A11007BD69A /* Images.xcassets */,
				B8FB491C183E9A11007BD69A /* Supporting Files */,
			);
			path = BlurryModal;
			sourceTree = "<group>";
		};
		B8FB491C183E9A11007BD69A /* Supporting Files */ = {
			isa = PBXGroup;
			children = (
				B8FB491D183E9A11007BD69A /* BlurryModal-Info.plist */,
				B8FB491E183E9A11007BD69A /* InfoPlist.strings */,
				B8FB4921183E9A11007BD69A /* main.m */,
				B8FB4923183E9A11007BD69A /* BlurryModal-Prefix.pch */,
			);
			name = "Supporting Files";
			sourceTree = "<group>";
		};
		B8FB493D183E9A12007BD69A /* BlurryModalTests */ = {
			isa = PBXGroup;
			children = (
				B8FB4943183E9A12007BD69A /* BlurryModalTests.m */,
				B8FB493E183E9A12007BD69A /* Supporting Files */,
			);
			path = BlurryModalTests;
			sourceTree = "<group>";
		};
		B8FB493E183E9A12007BD69A /* Supporting Files */ = {
			isa = PBXGroup;
			children = (
				B8FB493F183E9A12007BD69A /* BlurryModalTests-Info.plist */,
				B8FB4940183E9A12007BD69A /* InfoPlist.strings */,
			);
			name = "Supporting Files";
			sourceTree = "<group>";
		};
/* End PBXGroup section */

/* Begin PBXNativeTarget section */
		B8FB4911183E9A11007BD69A /* BlurryModal */ = {
			isa = PBXNativeTarget;
			buildConfigurationList = B8FB4947183E9A12007BD69A /* Build configuration list for PBXNativeTarget "BlurryModal" */;
			buildPhases = (
				B8FB490E183E9A11007BD69A /* Sources */,
				B8FB490F183E9A11007BD69A /* Frameworks */,
				B8FB4910183E9A11007BD69A /* Resources */,
			);
			buildRules = (
			);
			dependencies = (
			);
			name = BlurryModal;
			productName = BlurryModal;
			productReference = B8FB4912183E9A11007BD69A /* BlurryModal.app */;
			productType = "com.apple.product-type.application";
		};
		B8FB4935183E9A12007BD69A /* BlurryModalTests */ = {
			isa = PBXNativeTarget;
			buildConfigurationList = B8FB494A183E9A12007BD69A /* Build configuration list for PBXNativeTarget "BlurryModalTests" */;
			buildPhases = (
				B8FB4932183E9A12007BD69A /* Sources */,
				B8FB4933183E9A12007BD69A /* Frameworks */,
				B8FB4934183E9A12007BD69A /* Resources */,
			);
			buildRules = (
			);
			dependencies = (
				B8FB493C183E9A12007BD69A /* PBXTargetDependency */,
			);
			name = BlurryModalTests;
			productName = BlurryModalTests;
			productReference = B8FB4936183E9A12007BD69A /* BlurryModalTests.xctest */;
			productType = "com.apple.product-type.bundle.unit-test";
		};
/* End PBXNativeTarget section */

/* Begin PBXProject section */
		B8FB490A183E9A11007BD69A /* Project object */ = {
			isa = PBXProject;
			attributes = {
				LastUpgradeCheck = 0500;
				ORGANIZATIONNAME = Citrrus;
				TargetAttributes = {
					B8FB4935183E9A12007BD69A = {
						TestTargetID = B8FB4911183E9A11007BD69A;
					};
				};
			};
			buildConfigurationList = B8FB490D183E9A11007BD69A /* Build configuration list for PBXProject "BlurryModal" */;
			compatibilityVersion = "Xcode 3.2";
			developmentRegion = English;
			hasScannedForEncodings = 0;
			knownRegions = (
				en,
				Base,
			);
			mainGroup = B8FB4909183E9A11007BD69A;
			productRefGroup = B8FB4913183E9A11007BD69A /* Products */;
			projectDirPath = "";
			projectRoot = "";
			targets = (
				B8FB4911183E9A11007BD69A /* BlurryModal */,
				B8FB4935183E9A12007BD69A /* BlurryModalTests */,
			);
		};
/* End PBXProject section */

/* Begin PBXResourcesBuildPhase section */
		B8FB4910183E9A11007BD69A /* Resources */ = {
			isa = PBXResourcesBuildPhase;
			buildActionMask = 2147483647;
			files = (
				B8FB492C183E9A11007BD69A /* Main_iPad.storyboard in Resources */,
				B8FB4931183E9A11007BD69A /* Images.xcassets in Resources */,
				B8FB4929183E9A11007BD69A /* Main_iPhone.storyboard in Resources */,
				B8FB4920183E9A11007BD69A /* InfoPlist.strings in Resources */,
			);
			runOnlyForDeploymentPostprocessing = 0;
		};
		B8FB4934183E9A12007BD69A /* Resources */ = {
			isa = PBXResourcesBuildPhase;
			buildActionMask = 2147483647;
			files = (
				B8FB4942183E9A12007BD69A /* InfoPlist.strings in Resources */,
			);
			runOnlyForDeploymentPostprocessing = 0;
		};
/* End PBXResourcesBuildPhase section */

/* Begin PBXSourcesBuildPhase section */
		B8FB490E183E9A11007BD69A /* Sources */ = {
			isa = PBXSourcesBuildPhase;
			buildActionMask = 2147483647;
			files = (
				B8FB492F183E9A11007BD69A /* ViewController.m in Sources */,
				B8FB4926183E9A11007BD69A /* AppDelegate.m in Sources */,
				B8FB4922183E9A11007BD69A /* main.m in Sources */,
			);
			runOnlyForDeploymentPostprocessing = 0;
		};
		B8FB4932183E9A12007BD69A /* Sources */ = {
			isa = PBXSourcesBuildPhase;
			buildActionMask = 2147483647;
			files = (
				B8FB4944183E9A12007BD69A /* BlurryModalTests.m in Sources */,
			);
			runOnlyForDeploymentPostprocessing = 0;
		};
/* End PBXSourcesBuildPhase section */

/* Begin PBXTargetDependency section */
		B8FB493C183E9A12007BD69A /* PBXTargetDependency */ = {
			isa = PBXTargetDependency;
			target = B8FB4911183E9A11007BD69A /* BlurryModal */;
			targetProxy = B8FB493B183E9A12007BD69A /* PBXContainerItemProxy */;
		};
/* End PBXTargetDependency section */

/* Begin PBXVariantGroup section */
		B8FB491E183E9A11007BD69A /* InfoPlist.strings */ = {
			isa = PBXVariantGroup;
			children = (
				B8FB491F183E9A11007BD69A /* en */,
			);
			name = InfoPlist.strings;
			sourceTree = "<group>";
		};
		B8FB4927183E9A11007BD69A /* Main_iPhone.storyboard */ = {
			isa = PBXVariantGroup;
			children = (
				B8FB4928183E9A11007BD69A /* Base */,
			);
			name = Main_iPhone.storyboard;
			sourceTree = "<group>";
		};
		B8FB492A183E9A11007BD69A /* Main_iPad.storyboard */ = {
			isa = PBXVariantGroup;
			children = (
				B8FB492B183E9A11007BD69A /* Base */,
			);
			name = Main_iPad.storyboard;
			sourceTree = "<group>";
		};
		B8FB4940183E9A12007BD69A /* InfoPlist.strings */ = {
			isa = PBXVariantGroup;
			children = (
				B8FB4941183E9A12007BD69A /* en */,
			);
			name = InfoPlist.strings;
			sourceTree = "<group>";
		};
/* End PBXVariantGroup section */

/* Begin XCBuildConfiguration section */
		B8FB4945183E9A12007BD69A /* Debug */ = {
			isa = XCBuildConfiguration;
			buildSettings = {
				ALWAYS_SEARCH_USER_PATHS = NO;
				ARCHS = "$(ARCHS_STANDARD_INCLUDING_64_BIT)";
				CLANG_CXX_LANGUAGE_STANDARD = "gnu++0x";
				CLANG_CXX_LIBRARY = "libc++";
				CLANG_ENABLE_MODULES = YES;
				CLANG_ENABLE_OBJC_ARC = YES;
				CLANG_WARN_BOOL_CONVERSION = YES;
				CLANG_WARN_CONSTANT_CONVERSION = YES;
				CLANG_WARN_DIRECT_OBJC_ISA_USAGE = YES_ERROR;
				CLANG_WARN_EMPTY_BODY = YES;
				CLANG_WARN_ENUM_CONVERSION = YES;
				CLANG_WARN_INT_CONVERSION = YES;
				CLANG_WARN_OBJC_ROOT_CLASS = YES_ERROR;
				CLANG_WARN__DUPLICATE_METHOD_MATCH = YES;
				"CODE_SIGN_IDENTITY[sdk=iphoneos*]" = "iPhone Developer";
				COPY_PHASE_STRIP = NO;
				GCC_C_LANGUAGE_STANDARD = gnu99;
				GCC_DYNAMIC_NO_PIC = NO;
				GCC_OPTIMIZATION_LEVEL = 0;
				GCC_PREPROCESSOR_DEFINITIONS = (
					"DEBUG=1",
					"$(inherited)",
				);
				GCC_SYMBOLS_PRIVATE_EXTERN = NO;
				GCC_WARN_64_TO_32_BIT_CONVERSION = YES;
				GCC_WARN_ABOUT_RETURN_TYPE = YES_ERROR;
				GCC_WARN_UNDECLARED_SELECTOR = YES;
				GCC_WARN_UNINITIALIZED_AUTOS = YES;
				GCC_WARN_UNUSED_FUNCTION = YES;
				GCC_WARN_UNUSED_VARIABLE = YES;
				IPHONEOS_DEPLOYMENT_TARGET = 7.0;
				ONLY_ACTIVE_ARCH = YES;
				SDKROOT = iphoneos;
				TARGETED_DEVICE_FAMILY = "1,2";
			};
			name = Debug;
		};
		B8FB4946183E9A12007BD69A /* Release */ = {
			isa = XCBuildConfiguration;
			buildSettings = {
				ALWAYS_SEARCH_USER_PATHS = NO;
				ARCHS = "$(ARCHS_STANDARD_INCLUDING_64_BIT)";
				CLANG_CXX_LANGUAGE_STANDARD = "gnu++0x";
				CLANG_CXX_LIBRARY = "libc++";
				CLANG_ENABLE_MODULES = YES;
				CLANG_ENABLE_OBJC_ARC = YES;
				CLANG_WARN_BOOL_CONVERSION = YES;
				CLANG_WARN_CONSTANT_CONVERSION = YES;
				CLANG_WARN_DIRECT_OBJC_ISA_USAGE = YES_ERROR;
				CLANG_WARN_EMPTY_BODY = YES;
				CLANG_WARN_ENUM_CONVERSION = YES;
				CLANG_WARN_INT_CONVERSION = YES;
				CLANG_WARN_OBJC_ROOT_CLASS = YES_ERROR;
				CLANG_WARN__DUPLICATE_METHOD_MATCH = YES;
				"CODE_SIGN_IDENTITY[sdk=iphoneos*]" = "iPhone Developer";
				COPY_PHASE_STRIP = YES;
				ENABLE_NS_ASSERTIONS = NO;
				GCC_C_LANGUAGE_STANDARD = gnu99;
				GCC_WARN_64_TO_32_BIT_CONVERSION = YES;
				GCC_WARN_ABOUT_RETURN_TYPE = YES_ERROR;
				GCC_WARN_UNDECLARED_SELECTOR = YES;
				GCC_WARN_UNINITIALIZED_AUTOS = YES;
				GCC_WARN_UNUSED_FUNCTION = YES;
				GCC_WARN_UNUSED_VARIABLE = YES;
				IPHONEOS_DEPLOYMENT_TARGET = 7.0;
				SDKROOT = iphoneos;
				TARGETED_DEVICE_FAMILY = "1,2";
				VALIDATE_PRODUCT = YES;
			};
			name = Release;
		};
		B8FB4948183E9A12007BD69A /* Debug */ = {
			isa = XCBuildConfiguration;
			buildSettings = {
				ASSETCATALOG_COMPILER_APPICON_NAME = AppIcon;
				ASSETCATALOG_COMPILER_LAUNCHIMAGE_NAME = LaunchImage;
				GCC_PRECOMPILE_PREFIX_HEADER = YES;
				GCC_PREFIX_HEADER = "BlurryModal/BlurryModal-Prefix.pch";
				INFOPLIST_FILE = "BlurryModal/BlurryModal-Info.plist";
				PRODUCT_NAME = "$(TARGET_NAME)";
				WRAPPER_EXTENSION = app;
			};
			name = Debug;
		};
		B8FB4949183E9A12007BD69A /* Release */ = {
			isa = XCBuildConfiguration;
			buildSettings = {
				ASSETCATALOG_COMPILER_APPICON_NAME = AppIcon;
				ASSETCATALOG_COMPILER_LAUNCHIMAGE_NAME = LaunchImage;
				GCC_PRECOMPILE_PREFIX_HEADER = YES;
				GCC_PREFIX_HEADER = "BlurryModal/BlurryModal-Prefix.pch";
				INFOPLIST_FILE = "BlurryModal/BlurryModal-Info.plist";
				PRODUCT_NAME = "$(TARGET_NAME)";
				WRAPPER_EXTENSION = app;
			};
			name = Release;
		};
		B8FB494B183E9A12007BD69A /* Debug */ = {
			isa = XCBuildConfiguration;
			buildSettings = {
				ARCHS = "$(ARCHS_STANDARD_INCLUDING_64_BIT)";
				BUNDLE_LOADER = "$(BUILT_PRODUCTS_DIR)/BlurryModal.app/BlurryModal";
				FRAMEWORK_SEARCH_PATHS = (
					"$(SDKROOT)/Developer/Library/Frameworks",
					"$(inherited)",
					"$(DEVELOPER_FRAMEWORKS_DIR)",
				);
				GCC_PRECOMPILE_PREFIX_HEADER = YES;
				GCC_PREFIX_HEADER = "BlurryModal/BlurryModal-Prefix.pch";
				GCC_PREPROCESSOR_DEFINITIONS = (
					"DEBUG=1",
					"$(inherited)",
				);
				INFOPLIST_FILE = "BlurryModalTests/BlurryModalTests-Info.plist";
				PRODUCT_NAME = "$(TARGET_NAME)";
				TEST_HOST = "$(BUNDLE_LOADER)";
				WRAPPER_EXTENSION = xctest;
			};
			name = Debug;
		};
		B8FB494C183E9A12007BD69A /* Release */ = {
			isa = XCBuildConfiguration;
			buildSettings = {
				ARCHS = "$(ARCHS_STANDARD_INCLUDING_64_BIT)";
				BUNDLE_LOADER = "$(BUILT_PRODUCTS_DIR)/BlurryModal.app/BlurryModal";
				FRAMEWORK_SEARCH_PATHS = (
					"$(SDKROOT)/Developer/Library/Frameworks",
					"$(inherited)",
					"$(DEVELOPER_FRAMEWORKS_DIR)",
				);
				GCC_PRECOMPILE_PREFIX_HEADER = YES;
				GCC_PREFIX_HEADER = "BlurryModal/BlurryModal-Prefix.pch";
				INFOPLIST_FILE = "BlurryModalTests/BlurryModalTests-Info.plist";
				PRODUCT_NAME = "$(TARGET_NAME)";
				TEST_HOST = "$(BUNDLE_LOADER)";
				WRAPPER_EXTENSION = xctest;
			};
			name = Release;
		};
/* End XCBuildConfiguration section */

/* Begin XCConfigurationList section */
		B8FB490D183E9A11007BD69A /* Build configuration list for PBXProject "BlurryModal" */ = {
			isa = XCConfigurationList;
			buildConfigurations = (
				B8FB4945183E9A12007BD69A /* Debug */,
				B8FB4946183E9A12007BD69A /* Release */,
			);
			defaultConfigurationIsVisible = 0;
			defaultConfigurationName = Release;
		};
		B8FB4947183E9A12007BD69A /* Build configuration list for PBXNativeTarget "BlurryModal" */ = {
			isa = XCConfigurationList;
			buildConfigurations = (
				B8FB4948183E9A12007BD69A /* Debug */,
				B8FB4949183E9A12007BD69A /* Release */,
			);
			defaultConfigurationIsVisible = 0;
		};
		B8FB494A183E9A12007BD69A /* Build configuration list for PBXNativeTarget "BlurryModalTests" */ = {
			isa = XCConfigurationList;
			buildConfigurations = (
				B8FB494B183E9A12007BD69A /* Debug */,
				B8FB494C183E9A12007BD69A /* Release */,
			);
			defaultConfigurationIsVisible = 0;
		};
/* End XCConfigurationList section */
	};
	rootObject = B8FB490A183E9A11007BD69A /* Project object */;
}
